{
  "dependencies": {
    "blueimp-file-upload": {
      "version": "9.12.1",
      "resolved": "https://registry.npmjs.org/blueimp-file-upload/-/blueimp-file-upload-9.12.1.tgz",
      "from": "blueimp-file-upload@9.12.1"
    },
    "collapse-whitespace": {
      "version": "1.1.2",
      "resolved": "https://registry.npmjs.org/collapse-whitespace/-/collapse-whitespace-1.1.2.tgz",
      "from": "https://registry.npmjs.org/collapse-whitespace/-/collapse-whitespace-1.1.2.tgz",
      "dependencies": {
        "block-elements": {
          "version": "1.1.0",
          "resolved": "https://registry.npmjs.org/block-elements/-/block-elements-1.1.0.tgz",
          "from": "https://registry.npmjs.org/block-elements/-/block-elements-1.1.0.tgz"
        },
        "void-elements": {
          "version": "2.0.1",
          "resolved": "https://registry.npmjs.org/void-elements/-/void-elements-2.0.1.tgz",
          "from": "https://registry.npmjs.org/void-elements/-/void-elements-2.0.1.tgz"
        }
      }
    },
    "handlebars": {
      "version": "4.0.5",
      "resolved": "https://registry.npmjs.org/handlebars/-/handlebars-4.0.5.tgz",
      "from": "https://registry.npmjs.org/handlebars/-/handlebars-4.0.5.tgz",
      "dependencies": {
        "async": {
          "version": "1.5.2",
          "resolved": "https://registry.npmjs.org/async/-/async-1.5.2.tgz",
          "from": "https://registry.npmjs.org/async/-/async-1.5.2.tgz"
        },
        "optimist": {
          "version": "0.6.1",
          "resolved": "https://registry.npmjs.org/optimist/-/optimist-0.6.1.tgz",
          "from": "https://registry.npmjs.org/optimist/-/optimist-0.6.1.tgz",
          "dependencies": {
            "minimist": {
              "version": "0.0.10",
              "resolved": "https://registry.npmjs.org/minimist/-/minimist-0.0.10.tgz",
              "from": "https://registry.npmjs.org/minimist/-/minimist-0.0.10.tgz"
            },
            "wordwrap": {
              "version": "0.0.3",
              "resolved": "https://registry.npmjs.org/wordwrap/-/wordwrap-0.0.3.tgz",
              "from": "https://registry.npmjs.org/wordwrap/-/wordwrap-0.0.3.tgz"
            }
          }
        },
        "source-map": {
          "version": "0.4.4",
          "resolved": "https://registry.npmjs.org/source-map/-/source-map-0.4.4.tgz",
          "from": "https://registry.npmjs.org/source-map/-/source-map-0.4.4.tgz",
          "dependencies": {
            "amdefine": {
              "version": "1.0.0",
              "resolved": "https://registry.npmjs.org/amdefine/-/amdefine-1.0.0.tgz",
              "from": "https://registry.npmjs.org/amdefine/-/amdefine-1.0.0.tgz"
            }
          }
        },
        "uglify-js": {
          "version": "2.6.2",
          "resolved": "https://registry.npmjs.org/uglify-js/-/uglify-js-2.6.2.tgz",
          "from": "https://registry.npmjs.org/uglify-js/-/uglify-js-2.6.2.tgz",
          "dependencies": {
            "async": {
              "version": "0.2.10",
              "resolved": "https://registry.npmjs.org/async/-/async-0.2.10.tgz",
              "from": "https://registry.npmjs.org/async/-/async-0.2.10.tgz"
            },
            "source-map": {
              "version": "0.5.3",
              "resolved": "https://registry.npmjs.org/source-map/-/source-map-0.5.3.tgz",
              "from": "https://registry.npmjs.org/source-map/-/source-map-0.5.3.tgz"
            },
            "uglify-to-browserify": {
              "version": "1.0.2",
              "resolved": "https://registry.npmjs.org/uglify-to-browserify/-/uglify-to-browserify-1.0.2.tgz",
              "from": "https://registry.npmjs.org/uglify-to-browserify/-/uglify-to-browserify-1.0.2.tgz"
            },
            "yargs": {
              "version": "3.10.0",
              "resolved": "https://registry.npmjs.org/yargs/-/yargs-3.10.0.tgz",
              "from": "https://registry.npmjs.org/yargs/-/yargs-3.10.0.tgz",
              "dependencies": {
                "camelcase": {
                  "version": "1.2.1",
                  "resolved": "https://registry.npmjs.org/camelcase/-/camelcase-1.2.1.tgz",
                  "from": "https://registry.npmjs.org/camelcase/-/camelcase-1.2.1.tgz"
                },
                "cliui": {
                  "version": "2.1.0",
                  "resolved": "https://registry.npmjs.org/cliui/-/cliui-2.1.0.tgz",
                  "from": "https://registry.npmjs.org/cliui/-/cliui-2.1.0.tgz",
                  "dependencies": {
                    "center-align": {
                      "version": "0.1.3",
                      "resolved": "https://registry.npmjs.org/center-align/-/center-align-0.1.3.tgz",
                      "from": "https://registry.npmjs.org/center-align/-/center-align-0.1.3.tgz",
                      "dependencies": {
                        "align-text": {
                          "version": "0.1.4",
                          "resolved": "https://registry.npmjs.org/align-text/-/align-text-0.1.4.tgz",
                          "from": "https://registry.npmjs.org/align-text/-/align-text-0.1.4.tgz",
                          "dependencies": {
                            "kind-of": {
                              "version": "3.0.2",
                              "resolved": "https://registry.npmjs.org/kind-of/-/kind-of-3.0.2.tgz",
                              "from": "https://registry.npmjs.org/kind-of/-/kind-of-3.0.2.tgz",
                              "dependencies": {
                                "is-buffer": {
                                  "version": "1.1.3",
                                  "resolved": "https://registry.npmjs.org/is-buffer/-/is-buffer-1.1.3.tgz",
                                  "from": "https://registry.npmjs.org/is-buffer/-/is-buffer-1.1.3.tgz"
                                }
                              }
                            },
                            "longest": {
                              "version": "1.0.1",
                              "resolved": "https://registry.npmjs.org/longest/-/longest-1.0.1.tgz",
                              "from": "https://registry.npmjs.org/longest/-/longest-1.0.1.tgz"
                            },
                            "repeat-string": {
                              "version": "1.5.4",
                              "resolved": "https://registry.npmjs.org/repeat-string/-/repeat-string-1.5.4.tgz",
                              "from": "https://registry.npmjs.org/repeat-string/-/repeat-string-1.5.4.tgz"
                            }
                          }
                        },
                        "lazy-cache": {
                          "version": "1.0.3",
                          "resolved": "https://registry.npmjs.org/lazy-cache/-/lazy-cache-1.0.3.tgz",
                          "from": "https://registry.npmjs.org/lazy-cache/-/lazy-cache-1.0.3.tgz"
                        }
                      }
                    },
                    "right-align": {
                      "version": "0.1.3",
                      "resolved": "https://registry.npmjs.org/right-align/-/right-align-0.1.3.tgz",
                      "from": "https://registry.npmjs.org/right-align/-/right-align-0.1.3.tgz",
                      "dependencies": {
                        "align-text": {
                          "version": "0.1.4",
                          "resolved": "https://registry.npmjs.org/align-text/-/align-text-0.1.4.tgz",
                          "from": "https://registry.npmjs.org/align-text/-/align-text-0.1.4.tgz",
                          "dependencies": {
                            "kind-of": {
                              "version": "3.0.2",
                              "resolved": "https://registry.npmjs.org/kind-of/-/kind-of-3.0.2.tgz",
                              "from": "https://registry.npmjs.org/kind-of/-/kind-of-3.0.2.tgz",
                              "dependencies": {
                                "is-buffer": {
                                  "version": "1.1.3",
                                  "resolved": "https://registry.npmjs.org/is-buffer/-/is-buffer-1.1.3.tgz",
                                  "from": "https://registry.npmjs.org/is-buffer/-/is-buffer-1.1.3.tgz"
                                }
                              }
                            },
                            "longest": {
                              "version": "1.0.1",
                              "resolved": "https://registry.npmjs.org/longest/-/longest-1.0.1.tgz",
                              "from": "https://registry.npmjs.org/longest/-/longest-1.0.1.tgz"
                            },
                            "repeat-string": {
                              "version": "1.5.4",
                              "resolved": "https://registry.npmjs.org/repeat-string/-/repeat-string-1.5.4.tgz",
                              "from": "https://registry.npmjs.org/repeat-string/-/repeat-string-1.5.4.tgz"
                            }
                          }
                        }
                      }
                    },
                    "wordwrap": {
                      "version": "0.0.2",
                      "resolved": "https://registry.npmjs.org/wordwrap/-/wordwrap-0.0.2.tgz",
                      "from": "https://registry.npmjs.org/wordwrap/-/wordwrap-0.0.2.tgz"
                    }
                  }
                },
                "decamelize": {
                  "version": "1.2.0",
                  "resolved": "https://registry.npmjs.org/decamelize/-/decamelize-1.2.0.tgz",
                  "from": "https://registry.npmjs.org/decamelize/-/decamelize-1.2.0.tgz"
                },
                "window-size": {
                  "version": "0.1.0",
                  "resolved": "https://registry.npmjs.org/window-size/-/window-size-0.1.0.tgz",
                  "from": "https://registry.npmjs.org/window-size/-/window-size-0.1.0.tgz"
                }
              }
            }
          }
        }
      }
    },
    "jquery-sortable": {
      "version": "0.9.13",
      "resolved": "https://registry.npmjs.org/jquery-sortable/-/jquery-sortable-0.9.13.tgz",
      "from": "https://registry.npmjs.org/jquery-sortable/-/jquery-sortable-0.9.13.tgz",
      "dependencies": {
        "jquery": {
          "version": "2.2.2",
          "resolved": "https://registry.npmjs.org/jquery/-/jquery-2.2.2.tgz",
          "from": "https://registry.npmjs.org/jquery/-/jquery-2.2.2.tgz"
        }
      }
    },
    "medium-editor": {
      "version": "5.10.0",
      "resolved": "https://registry.npmjs.org/medium-editor/-/medium-editor-5.10.0.tgz",
      "from": "https://registry.npmjs.org/medium-editor/-/medium-editor-5.10.0.tgz"
    },
    "rc-tabs": {
      "version": "5.5.0",
      "resolved": "https://registry.npmjs.org/rc-tabs/-/rc-tabs-5.5.0.tgz",
      "from": "https://registry.npmjs.org/rc-tabs/-/rc-tabs-5.5.0.tgz",
      "dependencies": {
        "rc-animate": {
          "version": "2.0.3",
          "resolved": "https://registry.npmjs.org/rc-animate/-/rc-animate-2.0.3.tgz",
          "from": "https://registry.npmjs.org/rc-animate/-/rc-animate-2.0.3.tgz",
          "dependencies": {
            "css-animation": {
              "version": "1.1.1",
              "resolved": "https://registry.npmjs.org/css-animation/-/css-animation-1.1.1.tgz",
              "from": "https://registry.npmjs.org/css-animation/-/css-animation-1.1.1.tgz"
            }
          }
        }
      }
    },
    "to-markdown": {
      "version": "1.3.0",
      "resolved": "https://registry.npmjs.org/to-markdown/-/to-markdown-1.3.0.tgz",
      "from": "https://registry.npmjs.org/to-markdown/-/to-markdown-1.3.0.tgz",
      "dependencies": {
        "jsdom": {
          "version": "3.1.2",
          "resolved": "https://registry.npmjs.org/jsdom/-/jsdom-3.1.2.tgz",
          "from": "https://registry.npmjs.org/jsdom/-/jsdom-3.1.2.tgz",
          "dependencies": {
            "acorn": {
              "version": "0.11.0",
              "resolved": "https://registry.npmjs.org/acorn/-/acorn-0.11.0.tgz",
              "from": "https://registry.npmjs.org/acorn/-/acorn-0.11.0.tgz"
            },
            "acorn-globals": {
              "version": "1.0.9",
              "resolved": "https://registry.npmjs.org/acorn-globals/-/acorn-globals-1.0.9.tgz",
              "from": "https://registry.npmjs.org/acorn-globals/-/acorn-globals-1.0.9.tgz",
              "dependencies": {
                "acorn": {
                  "version": "2.7.0",
                  "resolved": "https://registry.npmjs.org/acorn/-/acorn-2.7.0.tgz",
                  "from": "https://registry.npmjs.org/acorn/-/acorn-2.7.0.tgz"
                }
              }
            },
            "browser-request": {
              "version": "0.3.3",
              "resolved": "https://registry.npmjs.org/browser-request/-/browser-request-0.3.3.tgz",
              "from": "https://registry.npmjs.org/browser-request/-/browser-request-0.3.3.tgz"
            },
            "contextify": {
              "version": "0.1.15",
              "resolved": "https://registry.npmjs.org/contextify/-/contextify-0.1.15.tgz",
              "from": "https://registry.npmjs.org/contextify/-/contextify-0.1.15.tgz",
              "dependencies": {
                "bindings": {
                  "version": "1.2.1",
                  "resolved": "https://registry.npmjs.org/bindings/-/bindings-1.2.1.tgz",
                  "from": "https://registry.npmjs.org/bindings/-/bindings-1.2.1.tgz"
                },
                "nan": {
                  "version": "2.2.0",
                  "resolved": "https://registry.npmjs.org/nan/-/nan-2.2.0.tgz",
                  "from": "https://registry.npmjs.org/nan/-/nan-2.2.0.tgz"
                }
              }
            },
            "cssom": {
              "version": "0.3.1",
              "resolved": "https://registry.npmjs.org/cssom/-/cssom-0.3.1.tgz",
              "from": "https://registry.npmjs.org/cssom/-/cssom-0.3.1.tgz"
            },
            "cssstyle": {
              "version": "0.2.34",
              "resolved": "https://registry.npmjs.org/cssstyle/-/cssstyle-0.2.34.tgz",
              "from": "https://registry.npmjs.org/cssstyle/-/cssstyle-0.2.34.tgz"
            },
            "escodegen": {
              "version": "1.8.0",
              "resolved": "https://registry.npmjs.org/escodegen/-/escodegen-1.8.0.tgz",
              "from": "https://registry.npmjs.org/escodegen/-/escodegen-1.8.0.tgz",
              "dependencies": {
                "esprima": {
                  "version": "2.7.2",
                  "resolved": "https://registry.npmjs.org/esprima/-/esprima-2.7.2.tgz",
                  "from": "https://registry.npmjs.org/esprima/-/esprima-2.7.2.tgz"
                },
                "estraverse": {
                  "version": "1.9.3",
                  "resolved": "https://registry.npmjs.org/estraverse/-/estraverse-1.9.3.tgz",
                  "from": "https://registry.npmjs.org/estraverse/-/estraverse-1.9.3.tgz"
                },
                "esutils": {
                  "version": "2.0.2",
                  "resolved": "https://registry.npmjs.org/esutils/-/esutils-2.0.2.tgz",
                  "from": "https://registry.npmjs.org/esutils/-/esutils-2.0.2.tgz"
                },
                "optionator": {
                  "version": "0.8.1",
                  "resolved": "https://registry.npmjs.org/optionator/-/optionator-0.8.1.tgz",
                  "from": "https://registry.npmjs.org/optionator/-/optionator-0.8.1.tgz",
                  "dependencies": {
                    "deep-is": {
                      "version": "0.1.3",
                      "resolved": "https://registry.npmjs.org/deep-is/-/deep-is-0.1.3.tgz",
                      "from": "https://registry.npmjs.org/deep-is/-/deep-is-0.1.3.tgz"
                    },
                    "fast-levenshtein": {
                      "version": "1.1.3",
                      "resolved": "https://registry.npmjs.org/fast-levenshtein/-/fast-levenshtein-1.1.3.tgz",
                      "from": "https://registry.npmjs.org/fast-levenshtein/-/fast-levenshtein-1.1.3.tgz"
                    },
                    "levn": {
                      "version": "0.3.0",
                      "resolved": "https://registry.npmjs.org/levn/-/levn-0.3.0.tgz",
                      "from": "https://registry.npmjs.org/levn/-/levn-0.3.0.tgz"
                    },
                    "prelude-ls": {
                      "version": "1.1.2",
                      "resolved": "https://registry.npmjs.org/prelude-ls/-/prelude-ls-1.1.2.tgz",
                      "from": "https://registry.npmjs.org/prelude-ls/-/prelude-ls-1.1.2.tgz"
                    },
                    "type-check": {
                      "version": "0.3.2",
                      "resolved": "https://registry.npmjs.org/type-check/-/type-check-0.3.2.tgz",
                      "from": "https://registry.npmjs.org/type-check/-/type-check-0.3.2.tgz"
                    },
                    "wordwrap": {
                      "version": "1.0.0",
                      "resolved": "https://registry.npmjs.org/wordwrap/-/wordwrap-1.0.0.tgz",
                      "from": "https://registry.npmjs.org/wordwrap/-/wordwrap-1.0.0.tgz"
                    }
                  }
                },
                "source-map": {
                  "version": "0.2.0",
                  "resolved": "https://registry.npmjs.org/source-map/-/source-map-0.2.0.tgz",
                  "from": "https://registry.npmjs.org/source-map/-/source-map-0.2.0.tgz",
                  "dependencies": {
                    "amdefine": {
                      "version": "1.0.0",
                      "resolved": "https://registry.npmjs.org/amdefine/-/amdefine-1.0.0.tgz",
                      "from": "https://registry.npmjs.org/amdefine/-/amdefine-1.0.0.tgz"
                    }
                  }
                }
              }
            },
            "htmlparser2": {
              "version": "3.9.0",
              "resolved": "https://registry.npmjs.org/htmlparser2/-/htmlparser2-3.9.0.tgz",
              "from": "https://registry.npmjs.org/htmlparser2/-/htmlparser2-3.9.0.tgz",
              "dependencies": {
                "domelementtype": {
                  "version": "1.3.0",
                  "resolved": "https://registry.npmjs.org/domelementtype/-/domelementtype-1.3.0.tgz",
                  "from": "https://registry.npmjs.org/domelementtype/-/domelementtype-1.3.0.tgz"
                },
                "domhandler": {
                  "version": "2.3.0",
                  "resolved": "https://registry.npmjs.org/domhandler/-/domhandler-2.3.0.tgz",
                  "from": "https://registry.npmjs.org/domhandler/-/domhandler-2.3.0.tgz"
                },
                "domutils": {
                  "version": "1.5.1",
                  "resolved": "https://registry.npmjs.org/domutils/-/domutils-1.5.1.tgz",
                  "from": "https://registry.npmjs.org/domutils/-/domutils-1.5.1.tgz",
                  "dependencies": {
                    "dom-serializer": {
                      "version": "0.1.0",
                      "resolved": "https://registry.npmjs.org/dom-serializer/-/dom-serializer-0.1.0.tgz",
                      "from": "https://registry.npmjs.org/dom-serializer/-/dom-serializer-0.1.0.tgz",
                      "dependencies": {
                        "domelementtype": {
                          "version": "1.1.3",
                          "resolved": "https://registry.npmjs.org/domelementtype/-/domelementtype-1.1.3.tgz",
                          "from": "https://registry.npmjs.org/domelementtype/-/domelementtype-1.1.3.tgz"
                        }
                      }
                    }
                  }
                },
                "entities": {
                  "version": "1.1.1",
                  "resolved": "https://registry.npmjs.org/entities/-/entities-1.1.1.tgz",
                  "from": "https://registry.npmjs.org/entities/-/entities-1.1.1.tgz"
                },
                "readable-stream": {
                  "version": "2.0.6",
                  "resolved": "https://registry.npmjs.org/readable-stream/-/readable-stream-2.0.6.tgz",
                  "from": "https://registry.npmjs.org/readable-stream/-/readable-stream-2.0.6.tgz",
                  "dependencies": {
                    "core-util-is": {
                      "version": "1.0.2",
                      "resolved": "https://registry.npmjs.org/core-util-is/-/core-util-is-1.0.2.tgz",
                      "from": "https://registry.npmjs.org/core-util-is/-/core-util-is-1.0.2.tgz"
                    },
                    "inherits": {
                      "version": "2.0.1",
                      "resolved": "https://registry.npmjs.org/inherits/-/inherits-2.0.1.tgz",
                      "from": "https://registry.npmjs.org/inherits/-/inherits-2.0.1.tgz"
                    },
                    "isarray": {
                      "version": "1.0.0",
                      "resolved": "https://registry.npmjs.org/isarray/-/isarray-1.0.0.tgz",
                      "from": "https://registry.npmjs.org/isarray/-/isarray-1.0.0.tgz"
                    },
                    "process-nextick-args": {
                      "version": "1.0.6",
                      "resolved": "https://registry.npmjs.org/process-nextick-args/-/process-nextick-args-1.0.6.tgz",
                      "from": "https://registry.npmjs.org/process-nextick-args/-/process-nextick-args-1.0.6.tgz"
                    },
                    "string_decoder": {
                      "version": "0.10.31",
                      "resolved": "https://registry.npmjs.org/string_decoder/-/string_decoder-0.10.31.tgz",
                      "from": "https://registry.npmjs.org/string_decoder/-/string_decoder-0.10.31.tgz"
                    },
                    "util-deprecate": {
                      "version": "1.0.2",
                      "resolved": "https://registry.npmjs.org/util-deprecate/-/util-deprecate-1.0.2.tgz",
                      "from": "https://registry.npmjs.org/util-deprecate/-/util-deprecate-1.0.2.tgz"
                    }
                  }
                }
              }
            },
            "nwmatcher": {
              "version": "1.3.7",
              "resolved": "https://registry.npmjs.org/nwmatcher/-/nwmatcher-1.3.7.tgz",
              "from": "https://registry.npmjs.org/nwmatcher/-/nwmatcher-1.3.7.tgz"
            },
            "parse5": {
              "version": "1.5.1",
              "resolved": "https://registry.npmjs.org/parse5/-/parse5-1.5.1.tgz",
              "from": "https://registry.npmjs.org/parse5/-/parse5-1.5.1.tgz"
            },
            "request": {
              "version": "2.69.0",
              "resolved": "https://registry.npmjs.org/request/-/request-2.69.0.tgz",
              "from": "https://registry.npmjs.org/request/-/request-2.69.0.tgz",
              "dependencies": {
                "aws-sign2": {
                  "version": "0.6.0",
                  "resolved": "https://registry.npmjs.org/aws-sign2/-/aws-sign2-0.6.0.tgz",
                  "from": "https://registry.npmjs.org/aws-sign2/-/aws-sign2-0.6.0.tgz"
                },
                "aws4": {
                  "version": "1.3.2",
                  "resolved": "https://registry.npmjs.org/aws4/-/aws4-1.3.2.tgz",
                  "from": "https://registry.npmjs.org/aws4/-/aws4-1.3.2.tgz",
                  "dependencies": {
                    "lru-cache": {
                      "version": "4.0.1",
                      "resolved": "https://registry.npmjs.org/lru-cache/-/lru-cache-4.0.1.tgz",
                      "from": "https://registry.npmjs.org/lru-cache/-/lru-cache-4.0.1.tgz",
                      "dependencies": {
                        "pseudomap": {
                          "version": "1.0.2",
                          "resolved": "https://registry.npmjs.org/pseudomap/-/pseudomap-1.0.2.tgz",
                          "from": "https://registry.npmjs.org/pseudomap/-/pseudomap-1.0.2.tgz"
                        },
                        "yallist": {
                          "version": "2.0.0",
                          "resolved": "https://registry.npmjs.org/yallist/-/yallist-2.0.0.tgz",
                          "from": "https://registry.npmjs.org/yallist/-/yallist-2.0.0.tgz"
                        }
                      }
                    }
                  }
                },
                "bl": {
                  "version": "1.0.3",
                  "resolved": "https://registry.npmjs.org/bl/-/bl-1.0.3.tgz",
                  "from": "https://registry.npmjs.org/bl/-/bl-1.0.3.tgz",
                  "dependencies": {
                    "readable-stream": {
                      "version": "2.0.6",
                      "resolved": "https://registry.npmjs.org/readable-stream/-/readable-stream-2.0.6.tgz",
                      "from": "https://registry.npmjs.org/readable-stream/-/readable-stream-2.0.6.tgz",
                      "dependencies": {
                        "core-util-is": {
                          "version": "1.0.2",
                          "resolved": "https://registry.npmjs.org/core-util-is/-/core-util-is-1.0.2.tgz",
                          "from": "https://registry.npmjs.org/core-util-is/-/core-util-is-1.0.2.tgz"
                        },
                        "inherits": {
                          "version": "2.0.1",
                          "resolved": "https://registry.npmjs.org/inherits/-/inherits-2.0.1.tgz",
                          "from": "https://registry.npmjs.org/inherits/-/inherits-2.0.1.tgz"
                        },
                        "isarray": {
                          "version": "1.0.0",
                          "resolved": "https://registry.npmjs.org/isarray/-/isarray-1.0.0.tgz",
                          "from": "https://registry.npmjs.org/isarray/-/isarray-1.0.0.tgz"
                        },
                        "process-nextick-args": {
                          "version": "1.0.6",
                          "resolved": "https://registry.npmjs.org/process-nextick-args/-/process-nextick-args-1.0.6.tgz",
                          "from": "https://registry.npmjs.org/process-nextick-args/-/process-nextick-args-1.0.6.tgz"
                        },
                        "string_decoder": {
                          "version": "0.10.31",
                          "resolved": "https://registry.npmjs.org/string_decoder/-/string_decoder-0.10.31.tgz",
                          "from": "https://registry.npmjs.org/string_decoder/-/string_decoder-0.10.31.tgz"
                        },
                        "util-deprecate": {
                          "version": "1.0.2",
                          "resolved": "https://registry.npmjs.org/util-deprecate/-/util-deprecate-1.0.2.tgz",
                          "from": "https://registry.npmjs.org/util-deprecate/-/util-deprecate-1.0.2.tgz"
                        }
                      }
                    }
                  }
                },
                "caseless": {
                  "version": "0.11.0",
                  "resolved": "https://registry.npmjs.org/caseless/-/caseless-0.11.0.tgz",
                  "from": "https://registry.npmjs.org/caseless/-/caseless-0.11.0.tgz"
                },
                "combined-stream": {
                  "version": "1.0.5",
                  "resolved": "https://registry.npmjs.org/combined-stream/-/combined-stream-1.0.5.tgz",
                  "from": "https://registry.npmjs.org/combined-stream/-/combined-stream-1.0.5.tgz",
                  "dependencies": {
                    "delayed-stream": {
                      "version": "1.0.0",
                      "resolved": "https://registry.npmjs.org/delayed-stream/-/delayed-stream-1.0.0.tgz",
                      "from": "https://registry.npmjs.org/delayed-stream/-/delayed-stream-1.0.0.tgz"
                    }
                  }
                },
                "extend": {
                  "version": "3.0.0",
                  "resolved": "https://registry.npmjs.org/extend/-/extend-3.0.0.tgz",
                  "from": "https://registry.npmjs.org/extend/-/extend-3.0.0.tgz"
                },
                "forever-agent": {
                  "version": "0.6.1",
                  "resolved": "https://registry.npmjs.org/forever-agent/-/forever-agent-0.6.1.tgz",
                  "from": "https://registry.npmjs.org/forever-agent/-/forever-agent-0.6.1.tgz"
                },
                "form-data": {
                  "version": "1.0.0-rc4",
                  "resolved": "https://registry.npmjs.org/form-data/-/form-data-1.0.0-rc4.tgz",
                  "from": "https://registry.npmjs.org/form-data/-/form-data-1.0.0-rc4.tgz",
                  "dependencies": {
                    "async": {
                      "version": "1.5.2",
                      "resolved": "https://registry.npmjs.org/async/-/async-1.5.2.tgz",
                      "from": "https://registry.npmjs.org/async/-/async-1.5.2.tgz"
                    }
                  }
                },
                "har-validator": {
                  "version": "2.0.6",
                  "resolved": "https://registry.npmjs.org/har-validator/-/har-validator-2.0.6.tgz",
                  "from": "https://registry.npmjs.org/har-validator/-/har-validator-2.0.6.tgz",
                  "dependencies": {
                    "chalk": {
                      "version": "1.1.1",
                      "resolved": "https://registry.npmjs.org/chalk/-/chalk-1.1.1.tgz",
                      "from": "https://registry.npmjs.org/chalk/-/chalk-1.1.1.tgz",
                      "dependencies": {
                        "ansi-styles": {
                          "version": "2.2.0",
                          "resolved": "https://registry.npmjs.org/ansi-styles/-/ansi-styles-2.2.0.tgz",
                          "from": "https://registry.npmjs.org/ansi-styles/-/ansi-styles-2.2.0.tgz",
                          "dependencies": {
                            "color-convert": {
                              "version": "1.0.0",
                              "resolved": "https://registry.npmjs.org/color-convert/-/color-convert-1.0.0.tgz",
                              "from": "https://registry.npmjs.org/color-convert/-/color-convert-1.0.0.tgz"
                            }
                          }
                        },
                        "escape-string-regexp": {
                          "version": "1.0.5",
                          "resolved": "https://registry.npmjs.org/escape-string-regexp/-/escape-string-regexp-1.0.5.tgz",
                          "from": "https://registry.npmjs.org/escape-string-regexp/-/escape-string-regexp-1.0.5.tgz"
                        },
                        "has-ansi": {
                          "version": "2.0.0",
                          "resolved": "https://registry.npmjs.org/has-ansi/-/has-ansi-2.0.0.tgz",
                          "from": "https://registry.npmjs.org/has-ansi/-/has-ansi-2.0.0.tgz",
                          "dependencies": {
                            "ansi-regex": {
                              "version": "2.0.0",
                              "resolved": "https://registry.npmjs.org/ansi-regex/-/ansi-regex-2.0.0.tgz",
                              "from": "https://registry.npmjs.org/ansi-regex/-/ansi-regex-2.0.0.tgz"
                            }
                          }
                        },
                        "strip-ansi": {
                          "version": "3.0.1",
                          "resolved": "https://registry.npmjs.org/strip-ansi/-/strip-ansi-3.0.1.tgz",
                          "from": "https://registry.npmjs.org/strip-ansi/-/strip-ansi-3.0.1.tgz",
                          "dependencies": {
                            "ansi-regex": {
                              "version": "2.0.0",
                              "resolved": "https://registry.npmjs.org/ansi-regex/-/ansi-regex-2.0.0.tgz",
                              "from": "https://registry.npmjs.org/ansi-regex/-/ansi-regex-2.0.0.tgz"
                            }
                          }
                        },
                        "supports-color": {
                          "version": "2.0.0",
                          "resolved": "https://registry.npmjs.org/supports-color/-/supports-color-2.0.0.tgz",
                          "from": "https://registry.npmjs.org/supports-color/-/supports-color-2.0.0.tgz"
                        }
                      }
                    },
                    "commander": {
                      "version": "2.9.0",
                      "resolved": "https://registry.npmjs.org/commander/-/commander-2.9.0.tgz",
                      "from": "https://registry.npmjs.org/commander/-/commander-2.9.0.tgz",
                      "dependencies": {
                        "graceful-readlink": {
                          "version": "1.0.1",
                          "resolved": "https://registry.npmjs.org/graceful-readlink/-/graceful-readlink-1.0.1.tgz",
                          "from": "https://registry.npmjs.org/graceful-readlink/-/graceful-readlink-1.0.1.tgz"
                        }
                      }
                    },
                    "is-my-json-valid": {
                      "version": "2.13.1",
                      "resolved": "https://registry.npmjs.org/is-my-json-valid/-/is-my-json-valid-2.13.1.tgz",
                      "from": "https://registry.npmjs.org/is-my-json-valid/-/is-my-json-valid-2.13.1.tgz",
                      "dependencies": {
                        "generate-function": {
                          "version": "2.0.0",
                          "resolved": "https://registry.npmjs.org/generate-function/-/generate-function-2.0.0.tgz",
                          "from": "https://registry.npmjs.org/generate-function/-/generate-function-2.0.0.tgz"
                        },
                        "generate-object-property": {
                          "version": "1.2.0",
                          "resolved": "https://registry.npmjs.org/generate-object-property/-/generate-object-property-1.2.0.tgz",
                          "from": "https://registry.npmjs.org/generate-object-property/-/generate-object-property-1.2.0.tgz",
                          "dependencies": {
                            "is-property": {
                              "version": "1.0.2",
                              "resolved": "https://registry.npmjs.org/is-property/-/is-property-1.0.2.tgz",
                              "from": "https://registry.npmjs.org/is-property/-/is-property-1.0.2.tgz"
                            }
                          }
                        },
                        "jsonpointer": {
                          "version": "2.0.0",
                          "resolved": "https://registry.npmjs.org/jsonpointer/-/jsonpointer-2.0.0.tgz",
                          "from": "https://registry.npmjs.org/jsonpointer/-/jsonpointer-2.0.0.tgz"
                        },
                        "xtend": {
                          "version": "4.0.1",
                          "resolved": "https://registry.npmjs.org/xtend/-/xtend-4.0.1.tgz",
                          "from": "https://registry.npmjs.org/xtend/-/xtend-4.0.1.tgz"
                        }
                      }
                    },
                    "pinkie-promise": {
                      "version": "2.0.0",
                      "resolved": "https://registry.npmjs.org/pinkie-promise/-/pinkie-promise-2.0.0.tgz",
                      "from": "https://registry.npmjs.org/pinkie-promise/-/pinkie-promise-2.0.0.tgz",
                      "dependencies": {
                        "pinkie": {
                          "version": "2.0.4",
                          "resolved": "https://registry.npmjs.org/pinkie/-/pinkie-2.0.4.tgz",
                          "from": "https://registry.npmjs.org/pinkie/-/pinkie-2.0.4.tgz"
                        }
                      }
                    }
                  }
                },
                "hawk": {
                  "version": "3.1.3",
                  "resolved": "https://registry.npmjs.org/hawk/-/hawk-3.1.3.tgz",
                  "from": "https://registry.npmjs.org/hawk/-/hawk-3.1.3.tgz",
                  "dependencies": {
                    "boom": {
                      "version": "2.10.1",
                      "resolved": "https://registry.npmjs.org/boom/-/boom-2.10.1.tgz",
                      "from": "https://registry.npmjs.org/boom/-/boom-2.10.1.tgz"
                    },
                    "cryptiles": {
                      "version": "2.0.5",
                      "resolved": "https://registry.npmjs.org/cryptiles/-/cryptiles-2.0.5.tgz",
                      "from": "https://registry.npmjs.org/cryptiles/-/cryptiles-2.0.5.tgz"
                    },
                    "hoek": {
                      "version": "2.16.3",
                      "resolved": "https://registry.npmjs.org/hoek/-/hoek-2.16.3.tgz",
                      "from": "https://registry.npmjs.org/hoek/-/hoek-2.16.3.tgz"
                    },
                    "sntp": {
                      "version": "1.0.9",
                      "resolved": "https://registry.npmjs.org/sntp/-/sntp-1.0.9.tgz",
                      "from": "https://registry.npmjs.org/sntp/-/sntp-1.0.9.tgz"
                    }
                  }
                },
                "http-signature": {
                  "version": "1.1.1",
                  "resolved": "https://registry.npmjs.org/http-signature/-/http-signature-1.1.1.tgz",
                  "from": "https://registry.npmjs.org/http-signature/-/http-signature-1.1.1.tgz",
                  "dependencies": {
                    "assert-plus": {
                      "version": "0.2.0",
                      "resolved": "https://registry.npmjs.org/assert-plus/-/assert-plus-0.2.0.tgz",
                      "from": "https://registry.npmjs.org/assert-plus/-/assert-plus-0.2.0.tgz"
                    },
                    "jsprim": {
                      "version": "1.2.2",
                      "resolved": "https://registry.npmjs.org/jsprim/-/jsprim-1.2.2.tgz",
                      "from": "https://registry.npmjs.org/jsprim/-/jsprim-1.2.2.tgz",
                      "dependencies": {
                        "extsprintf": {
                          "version": "1.0.2",
                          "resolved": "https://registry.npmjs.org/extsprintf/-/extsprintf-1.0.2.tgz",
                          "from": "https://registry.npmjs.org/extsprintf/-/extsprintf-1.0.2.tgz"
                        },
                        "json-schema": {
                          "version": "0.2.2",
                          "resolved": "https://registry.npmjs.org/json-schema/-/json-schema-0.2.2.tgz",
                          "from": "https://registry.npmjs.org/json-schema/-/json-schema-0.2.2.tgz"
                        },
                        "verror": {
                          "version": "1.3.6",
                          "resolved": "https://registry.npmjs.org/verror/-/verror-1.3.6.tgz",
                          "from": "https://registry.npmjs.org/verror/-/verror-1.3.6.tgz"
                        }
                      }
                    },
                    "sshpk": {
                      "version": "1.7.4",
                      "resolved": "https://registry.npmjs.org/sshpk/-/sshpk-1.7.4.tgz",
                      "from": "https://registry.npmjs.org/sshpk/-/sshpk-1.7.4.tgz",
                      "dependencies": {
                        "asn1": {
                          "version": "0.2.3",
                          "resolved": "https://registry.npmjs.org/asn1/-/asn1-0.2.3.tgz",
                          "from": "https://registry.npmjs.org/asn1/-/asn1-0.2.3.tgz"
                        },
                        "dashdash": {
                          "version": "1.13.0",
                          "resolved": "https://registry.npmjs.org/dashdash/-/dashdash-1.13.0.tgz",
                          "from": "https://registry.npmjs.org/dashdash/-/dashdash-1.13.0.tgz",
                          "dependencies": {
                            "assert-plus": {
                              "version": "1.0.0",
                              "resolved": "https://registry.npmjs.org/assert-plus/-/assert-plus-1.0.0.tgz",
                              "from": "https://registry.npmjs.org/assert-plus/-/assert-plus-1.0.0.tgz"
                            }
                          }
                        },
                        "ecc-jsbn": {
                          "version": "0.1.1",
                          "resolved": "https://registry.npmjs.org/ecc-jsbn/-/ecc-jsbn-0.1.1.tgz",
                          "from": "https://registry.npmjs.org/ecc-jsbn/-/ecc-jsbn-0.1.1.tgz"
                        },
                        "jodid25519": {
                          "version": "1.0.2",
                          "resolved": "https://registry.npmjs.org/jodid25519/-/jodid25519-1.0.2.tgz",
                          "from": "https://registry.npmjs.org/jodid25519/-/jodid25519-1.0.2.tgz"
                        },
                        "jsbn": {
                          "version": "0.1.0",
                          "resolved": "https://registry.npmjs.org/jsbn/-/jsbn-0.1.0.tgz",
                          "from": "https://registry.npmjs.org/jsbn/-/jsbn-0.1.0.tgz"
                        },
                        "tweetnacl": {
                          "version": "0.14.1",
                          "resolved": "https://registry.npmjs.org/tweetnacl/-/tweetnacl-0.14.1.tgz",
                          "from": "https://registry.npmjs.org/tweetnacl/-/tweetnacl-0.14.1.tgz"
                        }
                      }
                    }
                  }
                },
                "is-typedarray": {
                  "version": "1.0.0",
                  "resolved": "https://registry.npmjs.org/is-typedarray/-/is-typedarray-1.0.0.tgz",
                  "from": "https://registry.npmjs.org/is-typedarray/-/is-typedarray-1.0.0.tgz"
                },
                "isstream": {
                  "version": "0.1.2",
                  "resolved": "https://registry.npmjs.org/isstream/-/isstream-0.1.2.tgz",
                  "from": "https://registry.npmjs.org/isstream/-/isstream-0.1.2.tgz"
                },
                "json-stringify-safe": {
                  "version": "5.0.1",
                  "resolved": "https://registry.npmjs.org/json-stringify-safe/-/json-stringify-safe-5.0.1.tgz",
                  "from": "https://registry.npmjs.org/json-stringify-safe/-/json-stringify-safe-5.0.1.tgz"
                },
                "mime-types": {
                  "version": "2.1.10",
                  "resolved": "https://registry.npmjs.org/mime-types/-/mime-types-2.1.10.tgz",
                  "from": "https://registry.npmjs.org/mime-types/-/mime-types-2.1.10.tgz",
                  "dependencies": {
                    "mime-db": {
                      "version": "1.22.0",
                      "resolved": "https://registry.npmjs.org/mime-db/-/mime-db-1.22.0.tgz",
                      "from": "https://registry.npmjs.org/mime-db/-/mime-db-1.22.0.tgz"
                    }
                  }
                },
                "node-uuid": {
                  "version": "1.4.7",
                  "resolved": "https://registry.npmjs.org/node-uuid/-/node-uuid-1.4.7.tgz",
                  "from": "https://registry.npmjs.org/node-uuid/-/node-uuid-1.4.7.tgz"
                },
                "oauth-sign": {
                  "version": "0.8.1",
                  "resolved": "https://registry.npmjs.org/oauth-sign/-/oauth-sign-0.8.1.tgz",
                  "from": "https://registry.npmjs.org/oauth-sign/-/oauth-sign-0.8.1.tgz"
                },
                "qs": {
                  "version": "6.0.2",
                  "resolved": "https://registry.npmjs.org/qs/-/qs-6.0.2.tgz",
                  "from": "https://registry.npmjs.org/qs/-/qs-6.0.2.tgz"
                },
                "stringstream": {
                  "version": "0.0.5",
                  "resolved": "https://registry.npmjs.org/stringstream/-/stringstream-0.0.5.tgz",
                  "from": "https://registry.npmjs.org/stringstream/-/stringstream-0.0.5.tgz"
                },
                "tough-cookie": {
                  "version": "2.2.2",
                  "resolved": "https://registry.npmjs.org/tough-cookie/-/tough-cookie-2.2.2.tgz",
                  "from": "https://registry.npmjs.org/tough-cookie/-/tough-cookie-2.2.2.tgz"
                },
                "tunnel-agent": {
                  "version": "0.4.2",
                  "resolved": "https://registry.npmjs.org/tunnel-agent/-/tunnel-agent-0.4.2.tgz",
                  "from": "https://registry.npmjs.org/tunnel-agent/-/tunnel-agent-0.4.2.tgz"
                }
              }
            },
            "xml-name-validator": {
              "version": "1.0.0",
              "resolved": "https://registry.npmjs.org/xml-name-validator/-/xml-name-validator-1.0.0.tgz",
              "from": "https://registry.npmjs.org/xml-name-validator/-/xml-name-validator-1.0.0.tgz"
            },
            "xmlhttprequest": {
              "version": "1.8.0",
              "resolved": "https://registry.npmjs.org/xmlhttprequest/-/xmlhttprequest-1.8.0.tgz",
              "from": "https://registry.npmjs.org/xmlhttprequest/-/xmlhttprequest-1.8.0.tgz"
            }
          }
        }
      }
    }
  }
}
